
Microsoft Visual Studio Solution File, Format Version 12.00
# Visual Studio Version 16
VisualStudioVersion = 16.0.28922.388
MinimumVisualStudioVersion = 10.0.40219.1
Project("{FAE04EC0-301F-11D3-BF4B-00C04F79EFBC}") = "DDD.FirstSteps", "DDD.FirstSteps\DDD.FirstSteps.csproj", "{FB21F8A4-F227-4454-9CB0-B2488FFD7D3F}"
EndProject
Project("{2150E333-8FDC-42A3-9474-1A3956D46DE8}") = "Core", "Core", "{6C99305C-8404-470D-A261-5B265FB62328}"
EndProject
Project("{2150E333-8FDC-42A3-9474-1A3956D46DE8}") = "Infrastructure", "Infrastructure", "{F868DFEC-CB1C-4E65-A744-0F521D49754B}"
EndProject
Project("{2150E333-8FDC-42A3-9474-1A3956D46DE8}") = "Presentation", "Presentation", "{E5B60F96-E69E-417E-A609-17860741CC62}"
EndProject
Project("{FAE04EC0-301F-11D3-BF4B-00C04F79EFBC}") = "Domain", "Domain\Domain.csproj", "{71535792-F5A4-4F26-ADF5-0B21EB346BF9}"
EndProject
Project("{FAE04EC0-301F-11D3-BF4B-00C04F79EFBC}") = "Persistence", "Persistence\Persistence.csproj", "{9CD5A72E-5D35-41DF-BD51-04D714F80E01}"
EndProject
Project("{FAE04EC0-301F-11D3-BF4B-00C04F79EFBC}") = "Infrastructure", "Infrastructure\Infrastructure.csproj", "{85060B6C-87CE-4FC8-AEA9-D9E9D49BD835}"
EndProject
Project("{FAE04EC0-301F-11D3-BF4B-00C04F79EFBC}") = "Application", "Application\Application.csproj", "{D2449A01-D8D1-4AE4-B4D3-969E435ECFC1}"
EndProject
Global
	GlobalSection(SolutionConfigurationPlatforms) = preSolution
		Debug|Any CPU = Debug|Any CPU
		Release|Any CPU = Release|Any CPU
	EndGlobalSection
	GlobalSection(ProjectConfigurationPlatforms) = postSolution
		{FB21F8A4-F227-4454-9CB0-B2488FFD7D3F}.Debug|Any CPU.ActiveCfg = Debug|Any CPU
		{FB21F8A4-F227-4454-9CB0-B2488FFD7D3F}.Debug|Any CPU.Build.0 = Debug|Any CPU
		{FB21F8A4-F227-4454-9CB0-B2488FFD7D3F}.Release|Any CPU.ActiveCfg = Release|Any CPU
		{FB21F8A4-F227-4454-9CB0-B2488FFD7D3F}.Release|Any CPU.Build.0 = Release|Any CPU
		{71535792-F5A4-4F26-ADF5-0B21EB346BF9}.Debug|Any CPU.ActiveCfg = Debug|Any CPU
		{71535792-F5A4-4F26-ADF5-0B21EB346BF9}.Debug|Any CPU.Build.0 = Debug|Any CPU
		{71535792-F5A4-4F26-ADF5-0B21EB346BF9}.Release|Any CPU.ActiveCfg = Release|Any CPU
		{71535792-F5A4-4F26-ADF5-0B21EB346BF9}.Release|Any CPU.Build.0 = Release|Any CPU
		{9CD5A72E-5D35-41DF-BD51-04D714F80E01}.Debug|Any CPU.ActiveCfg = Debug|Any CPU
		{9CD5A72E-5D35-41DF-BD51-04D714F80E01}.Debug|Any CPU.Build.0 = Debug|Any CPU
		{9CD5A72E-5D35-41DF-BD51-04D714F80E01}.Release|Any CPU.ActiveCfg = Release|Any CPU
		{9CD5A72E-5D35-41DF-BD51-04D714F80E01}.Release|Any CPU.Build.0 = Release|Any CPU
		{85060B6C-87CE-4FC8-AEA9-D9E9D49BD835}.Debug|Any CPU.ActiveCfg = Debug|Any CPU
		{85060B6C-87CE-4FC8-AEA9-D9E9D49BD835}.Debug|Any CPU.Build.0 = Debug|Any CPU
		{85060B6C-87CE-4FC8-AEA9-D9E9D49BD835}.Release|Any CPU.ActiveCfg = Release|Any CPU
		{85060B6C-87CE-4FC8-AEA9-D9E9D49BD835}.Release|Any CPU.Build.0 = Release|Any CPU
		{D2449A01-D8D1-4AE4-B4D3-969E435ECFC1}.Debug|Any CPU.ActiveCfg = Debug|Any CPU
		{D2449A01-D8D1-4AE4-B4D3-969E435ECFC1}.Debug|Any CPU.Build.0 = Debug|Any CPU
		{D2449A01-D8D1-4AE4-B4D3-969E435ECFC1}.Release|Any CPU.ActiveCfg = Release|Any CPU
		{D2449A01-D8D1-4AE4-B4D3-969E435ECFC1}.Release|Any CPU.Build.0 = Release|Any CPU
	EndGlobalSection
	GlobalSection(SolutionProperties) = preSolution
		HideSolutionNode = FALSE
	EndGlobalSection
	GlobalSection(NestedProjects) = preSolution
		{FB21F8A4-F227-4454-9CB0-B2488FFD7D3F} = {E5B60F96-E69E-417E-A609-17860741CC62}
		{71535792-F5A4-4F26-ADF5-0B21EB346BF9} = {6C99305C-8404-470D-A261-5B265FB62328}
		{9CD5A72E-5D35-41DF-BD51-04D714F80E01} = {F868DFEC-CB1C-4E65-A744-0F521D49754B}
		{85060B6C-87CE-4FC8-AEA9-D9E9D49BD835} = {F868DFEC-CB1C-4E65-A744-0F521D49754B}
		{D2449A01-D8D1-4AE4-B4D3-969E435ECFC1} = {6C99305C-8404-470D-A261-5B265FB62328}
	EndGlobalSection
	GlobalSection(ExtensibilityGlobals) = postSolution
		SolutionGuid = {EA736B7C-58E3-418F-8CC3-8A01F11F7377}
	EndGlobalSection
EndGlobal
